
Microsoft Visual Studio Solution File, Format Version 12.00
# Visual Studio 15
VisualStudioVersion = 15.0.28307.489
MinimumVisualStudioVersion = 10.0.40219.1
Project("{FAE04EC0-301F-11D3-BF4B-00C04F79EFBC}") = "Website_Project", "Website_Project\Website_Project.csproj", "{380A6D25-96BE-4868-AC1F-9C74BF8F7EA8}"
EndProject
Global
	GlobalSection(SolutionConfigurationPlatforms) = preSolution
		Debug|Any CPU = Debug|Any CPU
		Release|Any CPU = Release|Any CPU
	EndGlobalSection
	GlobalSection(ProjectConfigurationPlatforms) = postSolution
		{380A6D25-96BE-4868-AC1F-9C74BF8F7EA8}.Debug|Any CPU.ActiveCfg = Debug|Any CPU
		{380A6D25-96BE-4868-AC1F-9C74BF8F7EA8}.Debug|Any CPU.Build.0 = Debug|Any CPU
		{380A6D25-96BE-4868-AC1F-9C74BF8F7EA8}.Release|Any CPU.ActiveCfg = Release|Any CPU
		{380A6D25-96BE-4868-AC1F-9C74BF8F7EA8}.Release|Any CPU.Build.0 = Release|Any CPU
	EndGlobalSection
	GlobalSection(SolutionProperties) = preSolution
		HideSolutionNode = FALSE
	EndGlobalSection
	GlobalSection(ExtensibilityGlobals) = postSolution
		SolutionGuid = {FA300E5C-768B-4A66-A124-BE3E2002C0F7}
	EndGlobalSection
EndGlobal
